
Microsoft Visual Studio Solution File, Format Version 12.00
# Visual Studio Version 16
VisualStudioVersion = 16.0.29613.14
MinimumVisualStudioVersion = 10.0.40219.1
Project("{FAE04EC0-301F-11D3-BF4B-00C04F79EFBC}") = "DS", "DS\DS.csproj", "{8430F0CC-2922-48DB-A1D7-4977BACE2C85}"
EndProject
Project("{FAE04EC0-301F-11D3-BF4B-00C04F79EFBC}") = "PL", "PL\PL.csproj", "{CBB5AE60-45FD-45AF-911C-B431D68CB72F}"
EndProject
Project("{FAE04EC0-301F-11D3-BF4B-00C04F79EFBC}") = "PLWPF", "PLWPF\PLWPF.csproj", "{B794C7FA-1BDA-4588-AADA-6189FE2CF785}"
EndProject
Project("{FAE04EC0-301F-11D3-BF4B-00C04F79EFBC}") = "BE1", "BE1\BE1.csproj", "{65EA9BE3-1F6F-4247-B137-C55921F4FA37}"
EndProject
Project("{FAE04EC0-301F-11D3-BF4B-00C04F79EFBC}") = "BL1", "BL1\BL1.csproj", "{C2749D11-E2B8-4CFB-B6BB-47312AB059B5}"
EndProject
Project("{FAE04EC0-301F-11D3-BF4B-00C04F79EFBC}") = "DAL1", "DAL1\DAL1.csproj", "{684052B2-4414-4FFF-A26B-E908DD38B218}"
EndProject
Project("{FAE04EC0-301F-11D3-BF4B-00C04F79EFBC}") = "DS1", "DS1\DS1.csproj", "{CFC3D5FD-ED36-43D8-A757-B2B3CBA8C81A}"
EndProject
Global
	GlobalSection(SolutionConfigurationPlatforms) = preSolution
		Debug|Any CPU = Debug|Any CPU
		Release|Any CPU = Release|Any CPU
	EndGlobalSection
	GlobalSection(ProjectConfigurationPlatforms) = postSolution
		{8430F0CC-2922-48DB-A1D7-4977BACE2C85}.Debug|Any CPU.ActiveCfg = Debug|Any CPU
		{8430F0CC-2922-48DB-A1D7-4977BACE2C85}.Debug|Any CPU.Build.0 = Debug|Any CPU
		{8430F0CC-2922-48DB-A1D7-4977BACE2C85}.Release|Any CPU.ActiveCfg = Release|Any CPU
		{8430F0CC-2922-48DB-A1D7-4977BACE2C85}.Release|Any CPU.Build.0 = Release|Any CPU
		{CBB5AE60-45FD-45AF-911C-B431D68CB72F}.Debug|Any CPU.ActiveCfg = Debug|Any CPU
		{CBB5AE60-45FD-45AF-911C-B431D68CB72F}.Debug|Any CPU.Build.0 = Debug|Any CPU
		{CBB5AE60-45FD-45AF-911C-B431D68CB72F}.Release|Any CPU.ActiveCfg = Release|Any CPU
		{CBB5AE60-45FD-45AF-911C-B431D68CB72F}.Release|Any CPU.Build.0 = Release|Any CPU
		{B794C7FA-1BDA-4588-AADA-6189FE2CF785}.Debug|Any CPU.ActiveCfg = Debug|Any CPU
		{B794C7FA-1BDA-4588-AADA-6189FE2CF785}.Debug|Any CPU.Build.0 = Debug|Any CPU
		{B794C7FA-1BDA-4588-AADA-6189FE2CF785}.Release|Any CPU.ActiveCfg = Release|Any CPU
		{B794C7FA-1BDA-4588-AADA-6189FE2CF785}.Release|Any CPU.Build.0 = Release|Any CPU
		{65EA9BE3-1F6F-4247-B137-C55921F4FA37}.Debug|Any CPU.ActiveCfg = Debug|Any CPU
		{65EA9BE3-1F6F-4247-B137-C55921F4FA37}.Debug|Any CPU.Build.0 = Debug|Any CPU
		{65EA9BE3-1F6F-4247-B137-C55921F4FA37}.Release|Any CPU.ActiveCfg = Release|Any CPU
		{65EA9BE3-1F6F-4247-B137-C55921F4FA37}.Release|Any CPU.Build.0 = Release|Any CPU
		{C2749D11-E2B8-4CFB-B6BB-47312AB059B5}.Debug|Any CPU.ActiveCfg = Debug|Any CPU
		{C2749D11-E2B8-4CFB-B6BB-47312AB059B5}.Debug|Any CPU.Build.0 = Debug|Any CPU
		{C2749D11-E2B8-4CFB-B6BB-47312AB059B5}.Release|Any CPU.ActiveCfg = Release|Any CPU
		{C2749D11-E2B8-4CFB-B6BB-47312AB059B5}.Release|Any CPU.Build.0 = Release|Any CPU
		{684052B2-4414-4FFF-A26B-E908DD38B218}.Debug|Any CPU.ActiveCfg = Debug|Any CPU
		{684052B2-4414-4FFF-A26B-E908DD38B218}.Debug|Any CPU.Build.0 = Debug|Any CPU
		{684052B2-4414-4FFF-A26B-E908DD38B218}.Release|Any CPU.ActiveCfg = Release|Any CPU
		{684052B2-4414-4FFF-A26B-E908DD38B218}.Release|Any CPU.Build.0 = Release|Any CPU
		{CFC3D5FD-ED36-43D8-A757-B2B3CBA8C81A}.Debug|Any CPU.ActiveCfg = Debug|Any CPU
		{CFC3D5FD-ED36-43D8-A757-B2B3CBA8C81A}.Debug|Any CPU.Build.0 = Debug|Any CPU
		{CFC3D5FD-ED36-43D8-A757-B2B3CBA8C81A}.Release|Any CPU.ActiveCfg = Release|Any CPU
		{CFC3D5FD-ED36-43D8-A757-B2B3CBA8C81A}.Release|Any CPU.Build.0 = Release|Any CPU
	EndGlobalSection
	GlobalSection(SolutionProperties) = preSolution
		HideSolutionNode = FALSE
	EndGlobalSection
	GlobalSection(ExtensibilityGlobals) = postSolution
		SolutionGuid = {478B2103-F954-4F6A-8C5E-8CC1330B4730}
	EndGlobalSection
EndGlobal
